
Microsoft Visual Studio Solution File, Format Version 12.00
# Visual Studio Version 17
VisualStudioVersion = 17.11.35303.130
MinimumVisualStudioVersion = 10.0.40219.1
Project("{FAE04EC0-301F-11D3-BF4B-00C04F79EFBC}") = "CinemaTicketingSystem", "CinemaTicketingSystem\CinemaTicketingSystem.csproj", "{C66E6030-C1F9-411B-ABB8-766CB5B855A3}"
EndProject
Global
	GlobalSection(SolutionConfigurationPlatforms) = preSolution
		Debug|Any CPU = Debug|Any CPU
		Release|Any CPU = Release|Any CPU
	EndGlobalSection
	GlobalSection(ProjectConfigurationPlatforms) = postSolution
		{C66E6030-C1F9-411B-ABB8-766CB5B855A3}.Debug|Any CPU.ActiveCfg = Debug|Any CPU
		{C66E6030-C1F9-411B-ABB8-766CB5B855A3}.Debug|Any CPU.Build.0 = Debug|Any CPU
		{C66E6030-C1F9-411B-ABB8-766CB5B855A3}.Release|Any CPU.ActiveCfg = Release|Any CPU
		{C66E6030-C1F9-411B-ABB8-766CB5B855A3}.Release|Any CPU.Build.0 = Release|Any CPU
	EndGlobalSection
	GlobalSection(SolutionProperties) = preSolution
		HideSolutionNode = FALSE
	EndGlobalSection
	GlobalSection(ExtensibilityGlobals) = postSolution
		SolutionGuid = {E8EC1F74-A51C-4D20-9138-03BF5C66B478}
	EndGlobalSection
EndGlobal
